
Microsoft Visual Studio Solution File, Format Version 12.00
# Visual Studio Version 17
VisualStudioVersion = 17.8.34525.116
MinimumVisualStudioVersion = 10.0.40219.1
Project("{FAE04EC0-301F-11D3-BF4B-00C04F79EFBC}") = "EmployeeApi", "EmployeeApi.csproj", "{9F902F05-EC92-4E7B-9069-515B71362203}"
EndProject
Global
	GlobalSection(SolutionConfigurationPlatforms) = preSolution
		Debug|Any CPU = Debug|Any CPU
		Release|Any CPU = Release|Any CPU
	EndGlobalSection
	GlobalSection(ProjectConfigurationPlatforms) = postSolution
		{9F902F05-EC92-4E7B-9069-515B71362203}.Debug|Any CPU.ActiveCfg = Debug|Any CPU
		{9F902F05-EC92-4E7B-9069-515B71362203}.Debug|Any CPU.Build.0 = Debug|Any CPU
		{9F902F05-EC92-4E7B-9069-515B71362203}.Release|Any CPU.ActiveCfg = Release|Any CPU
		{9F902F05-EC92-4E7B-9069-515B71362203}.Release|Any CPU.Build.0 = Release|Any CPU
	EndGlobalSection
	GlobalSection(SolutionProperties) = preSolution
		HideSolutionNode = FALSE
	EndGlobalSection
	GlobalSection(ExtensibilityGlobals) = postSolution
		SolutionGuid = {4DAB85F3-5C3C-4B6A-8D52-0BB39E842390}
	EndGlobalSection
EndGlobal
